
Microsoft Visual Studio Solution File, Format Version 12.00
# Visual Studio Version 17
VisualStudioVersion = 17.8.34408.163
MinimumVisualStudioVersion = 10.0.40219.1
Project("{FAE04EC0-301F-11D3-BF4B-00C04F79EFBC}") = "UserManager", "UserManager.csproj", "{AF8FDEB4-7185-4028-8987-1C3DE85FDA29}"
EndProject
Global
	GlobalSection(SolutionConfigurationPlatforms) = preSolution
		Debug|Any CPU = Debug|Any CPU
		Release|Any CPU = Release|Any CPU
	EndGlobalSection
	GlobalSection(ProjectConfigurationPlatforms) = postSolution
		{AF8FDEB4-7185-4028-8987-1C3DE85FDA29}.Debug|Any CPU.ActiveCfg = Debug|Any CPU
		{AF8FDEB4-7185-4028-8987-1C3DE85FDA29}.Debug|Any CPU.Build.0 = Debug|Any CPU
		{AF8FDEB4-7185-4028-8987-1C3DE85FDA29}.Release|Any CPU.ActiveCfg = Release|Any CPU
		{AF8FDEB4-7185-4028-8987-1C3DE85FDA29}.Release|Any CPU.Build.0 = Release|Any CPU
	EndGlobalSection
	GlobalSection(SolutionProperties) = preSolution
		HideSolutionNode = FALSE
	EndGlobalSection
	GlobalSection(ExtensibilityGlobals) = postSolution
		SolutionGuid = {C9065D38-4CE0-4ADC-8AF6-DB0560F8CCCD}
	EndGlobalSection
EndGlobal
